{
  "name": "analyzer-service",
  "version": "1.0.0",
  "lockfileVersion": 3,
  "requires": true,
  "packages": {
    "": {
      "name": "analyzer-service",
      "version": "1.0.0",
      "license": "ISC",
      "dependencies": {
        "dotenv": "^17.4.2",
        "hl7-standard": "^1.0.4"
      }
    },
    "node_modules/dotenv": {
      "version": "17.4.2",
      "resolved": "https://registry.npmjs.org/dotenv/-/dotenv-17.4.2.tgz",
      "integrity": "sha512-nI4U3TottKAcAD9LLud4Cb7b2QztQMUEfHbvhTH09bqXTxnSie8WnjPALV/WMCrJZ6UV/qHJ6L03OqO3LcdYZw==",
      "license": "BSD-2-Clause",
      "engines": {
        "node": ">=12"
      },
      "funding": {
        "url": "https://dotenvx.com"
      }
    },
    "node_modules/hl7-standard": {
      "version": "1.0.4",
      "resolved": "https://registry.npmjs.org/hl7-standard/-/hl7-standard-1.0.4.tgz",
      "integrity": "sha512-Dk8U0Q84HrQ5HCS3VXcay3ILrKOqQ1pprHHIxPaq/byi2zrTUwdP+tIv0sF+SI/l4bkET3EnN8yuGuQmOdHvuw==",
      "license": "Apache-2.0"
    }
  }
}
